
Microsoft Visual Studio Solution File, Format Version 11.00
# Visual Studio 2010
Project("{FAE04EC0-301F-11D3-BF4B-00C04F79EFBC}") = "FinalTest", "FinalTest\FinalTest.csproj", "{79CC66E8-8ACB-41B9-AE5B-7C2FBDA9A1DA}"
EndProject
Global
	GlobalSection(SolutionConfigurationPlatforms) = preSolution
		Debug|Any CPU = Debug|Any CPU
		Release|Any CPU = Release|Any CPU
	EndGlobalSection
	GlobalSection(ProjectConfigurationPlatforms) = postSolution
		{79CC66E8-8ACB-41B9-AE5B-7C2FBDA9A1DA}.Debug|Any CPU.ActiveCfg = Debug|Any CPU
		{79CC66E8-8ACB-41B9-AE5B-7C2FBDA9A1DA}.Debug|Any CPU.Build.0 = Debug|Any CPU
		{79CC66E8-8ACB-41B9-AE5B-7C2FBDA9A1DA}.Release|Any CPU.ActiveCfg = Release|Any CPU
		{79CC66E8-8ACB-41B9-AE5B-7C2FBDA9A1DA}.Release|Any CPU.Build.0 = Release|Any CPU
	EndGlobalSection
	GlobalSection(SolutionProperties) = preSolution
		HideSolutionNode = FALSE
	EndGlobalSection
EndGlobal
